
Microsoft Visual Studio Solution File, Format Version 12.00
# Visual Studio Version 16
VisualStudioVersion = 16.0.31205.134
MinimumVisualStudioVersion = 10.0.40219.1
Project("{FAE04EC0-301F-11D3-BF4B-00C04F79EFBC}") = "CreatorPlanets", "CreatorPlanets.csproj", "{0CDCC444-A168-4CAC-9F06-55EF997BA87A}"
EndProject
Global
	GlobalSection(SolutionConfigurationPlatforms) = preSolution
		Debug|Any CPU = Debug|Any CPU
		Release|Any CPU = Release|Any CPU
	EndGlobalSection
	GlobalSection(ProjectConfigurationPlatforms) = postSolution
		{0CDCC444-A168-4CAC-9F06-55EF997BA87A}.Debug|Any CPU.ActiveCfg = Debug|Any CPU
		{0CDCC444-A168-4CAC-9F06-55EF997BA87A}.Debug|Any CPU.Build.0 = Debug|Any CPU
		{0CDCC444-A168-4CAC-9F06-55EF997BA87A}.Release|Any CPU.ActiveCfg = Release|Any CPU
		{0CDCC444-A168-4CAC-9F06-55EF997BA87A}.Release|Any CPU.Build.0 = Release|Any CPU
	EndGlobalSection
	GlobalSection(SolutionProperties) = preSolution
		HideSolutionNode = FALSE
	EndGlobalSection
	GlobalSection(ExtensibilityGlobals) = postSolution
		SolutionGuid = {80E4E165-E5B5-4603-B3BA-84690D578F24}
	EndGlobalSection
EndGlobal
